
Microsoft Visual Studio Solution File, Format Version 12.00
# Visual Studio 15
Project("{FAE04EC0-301F-11D3-BF4B-00C04F79EFBC}") = "UnityEngine.UI", "UnityEngine.UI.csproj", "{A9A45EE1-53F9-7BF3-9C57-7213D85C8BBC}"
EndProject
Project("{FAE04EC0-301F-11D3-BF4B-00C04F79EFBC}") = "UnityEngine.TestRunner", "UnityEngine.TestRunner.csproj", "{ED1C681D-9A1E-6169-0FC3-70D0EB4A278F}"
EndProject
Project("{FAE04EC0-301F-11D3-BF4B-00C04F79EFBC}") = "Unity.VisualScripting.State", "Unity.VisualScripting.State.csproj", "{4C236677-B7A5-BD9F-97CE-3AE0689B2A53}"
EndProject
Project("{FAE04EC0-301F-11D3-BF4B-00C04F79EFBC}") = "Unity.VisualScripting.Core", "Unity.VisualScripting.Core.csproj", "{81B3E9E8-141D-381B-4CE8-0E6FA8224823}"
EndProject
Project("{FAE04EC0-301F-11D3-BF4B-00C04F79EFBC}") = "Unity.VisualScripting.Flow", "Unity.VisualScripting.Flow.csproj", "{FE7F40BB-2F2B-B194-5421-3989D48E86A6}"
EndProject
Project("{FAE04EC0-301F-11D3-BF4B-00C04F79EFBC}") = "Assembly-CSharp", "Assembly-CSharp.csproj", "{7DDF96C4-4D1F-ADA2-9521-1670B9F62CA7}"
EndProject
Project("{FAE04EC0-301F-11D3-BF4B-00C04F79EFBC}") = "Unity.TextMeshPro", "Unity.TextMeshPro.csproj", "{C2F120D9-A495-0CC4-8865-D44A9BAC64BA}"
EndProject
Project("{FAE04EC0-301F-11D3-BF4B-00C04F79EFBC}") = "Unity.Timeline", "Unity.Timeline.csproj", "{3EB4D97C-39AB-98E7-3717-45FA2C188E47}"
EndProject
Project("{FAE04EC0-301F-11D3-BF4B-00C04F79EFBC}") = "Unity.PlasticSCM.Editor", "Unity.PlasticSCM.Editor.csproj", "{CC06BE69-B2FD-BC00-DE69-6C917F9EB470}"
EndProject
Project("{FAE04EC0-301F-11D3-BF4B-00C04F79EFBC}") = "Unity.VisualScripting.Core.Editor", "Unity.VisualScripting.Core.Editor.csproj", "{6437213D-78CC-6304-C286-99E36BF1AB42}"
EndProject
Project("{FAE04EC0-301F-11D3-BF4B-00C04F79EFBC}") = "Unity.VisualStudio.Editor", "Unity.VisualStudio.Editor.csproj", "{09E1ACFC-D06D-50C3-7A5D-FB4D8DC74E4A}"
EndProject
Project("{FAE04EC0-301F-11D3-BF4B-00C04F79EFBC}") = "Unity.Timeline.Editor", "Unity.Timeline.Editor.csproj", "{425BC930-BE5B-EF83-7814-70993017BFBF}"
EndProject
Project("{FAE04EC0-301F-11D3-BF4B-00C04F79EFBC}") = "Unity.VisualScripting.State.Editor", "Unity.VisualScripting.State.Editor.csproj", "{61C710A1-978B-1DBE-E9E5-0D1FE81C0641}"
EndProject
Project("{FAE04EC0-301F-11D3-BF4B-00C04F79EFBC}") = "Unity.TextMeshPro.Editor", "Unity.TextMeshPro.Editor.csproj", "{8733A7EE-A7CD-58A7-22B4-C5272BBE2EB3}"
EndProject
Project("{FAE04EC0-301F-11D3-BF4B-00C04F79EFBC}") = "VSSettingsProvider", "VSSettingsProvider.csproj", "{E24C15A2-744F-E60F-CE42-6280D56E625D}"
EndProject
Project("{FAE04EC0-301F-11D3-BF4B-00C04F79EFBC}") = "Unity.CollabProxy.Editor", "Unity.CollabProxy.Editor.csproj", "{DADD2DB3-6940-DAF9-8C7C-F1EEB54CC96E}"
EndProject
Project("{FAE04EC0-301F-11D3-BF4B-00C04F79EFBC}") = "UnityEditor.TestRunner", "UnityEditor.TestRunner.csproj", "{3C7FB267-A7D5-6536-26D2-A29DE16166F9}"
EndProject
Project("{FAE04EC0-301F-11D3-BF4B-00C04F79EFBC}") = "Unity.VisualScripting.Flow.Editor", "Unity.VisualScripting.Flow.Editor.csproj", "{D2B3445D-8E68-DBA1-FC8C-67E89FDEE268}"
EndProject
Project("{FAE04EC0-301F-11D3-BF4B-00C04F79EFBC}") = "Unity.Rider.Editor", "Unity.Rider.Editor.csproj", "{B3CC5664-912B-13FE-D45E-21EFE6FD66F2}"
EndProject
Project("{FAE04EC0-301F-11D3-BF4B-00C04F79EFBC}") = "Unity.VSCode.Editor", "Unity.VSCode.Editor.csproj", "{D6769CBB-12EA-6A56-5BF6-54FFCBEA2478}"
EndProject
Project("{FAE04EC0-301F-11D3-BF4B-00C04F79EFBC}") = "UnityEditor.UI", "UnityEditor.UI.csproj", "{B982D07E-D7C9-4E11-FF66-90C2E4D3B43F}"
EndProject
Project("{FAE04EC0-301F-11D3-BF4B-00C04F79EFBC}") = "UnityEngine.UI", "UnityEngine.UI.Player.csproj", "{C5035C52-6E06-1EC5-BDFE-F95D249E80A7}"
EndProject
Project("{FAE04EC0-301F-11D3-BF4B-00C04F79EFBC}") = "UnityEngine.TestRunner", "UnityEngine.TestRunner.Player.csproj", "{F97D6113-37A6-F1BB-F9F5-3B15435B10C2}"
EndProject
Project("{FAE04EC0-301F-11D3-BF4B-00C04F79EFBC}") = "Unity.VisualScripting.State", "Unity.VisualScripting.State.Player.csproj", "{C9A327C6-49FD-00A7-71E0-837C3478AFEA}"
EndProject
Project("{FAE04EC0-301F-11D3-BF4B-00C04F79EFBC}") = "Unity.VisualScripting.Core", "Unity.VisualScripting.Core.Player.csproj", "{A1FA44D2-BF00-35AB-1FBD-06AA7C858546}"
EndProject
Project("{FAE04EC0-301F-11D3-BF4B-00C04F79EFBC}") = "Unity.VisualScripting.Flow", "Unity.VisualScripting.Flow.Player.csproj", "{B04D1601-F1EC-0272-A3DC-38E11C636864}"
EndProject
Project("{FAE04EC0-301F-11D3-BF4B-00C04F79EFBC}") = "Assembly-CSharp", "Assembly-CSharp.Player.csproj", "{7A6EEEB9-9024-FA1E-9092-98049E7FBA7D}"
EndProject
Project("{FAE04EC0-301F-11D3-BF4B-00C04F79EFBC}") = "Unity.TextMeshPro", "Unity.TextMeshPro.Player.csproj", "{90836EF7-9C34-2DDB-3BDE-01C2E2298B88}"
EndProject
Project("{FAE04EC0-301F-11D3-BF4B-00C04F79EFBC}") = "Unity.Timeline", "Unity.Timeline.Player.csproj", "{5C24DB78-5A70-7909-03A9-8CF95A52E2A5}"
EndProject
Project("{2150E333-8FDC-42A3-9474-1A3956D46DE8}") = "Solution Items", "Solution Items", "{30747AA3-FF91-4EDE-8F03-55D2B73B2EBA}"
	ProjectSection(SolutionItems) = preProject
		.editorconfig = .editorconfig
	EndProjectSection
EndProject
Global
	GlobalSection(SolutionConfigurationPlatforms) = preSolution
		Debug|Any CPU = Debug|Any CPU
		Release|Any CPU = Release|Any CPU
	EndGlobalSection
	GlobalSection(ProjectConfigurationPlatforms) = postSolution
		{A9A45EE1-53F9-7BF3-9C57-7213D85C8BBC}.Debug|Any CPU.ActiveCfg = Debug|Any CPU
		{A9A45EE1-53F9-7BF3-9C57-7213D85C8BBC}.Debug|Any CPU.Build.0 = Debug|Any CPU
		{A9A45EE1-53F9-7BF3-9C57-7213D85C8BBC}.Release|Any CPU.ActiveCfg = Release|Any CPU
		{A9A45EE1-53F9-7BF3-9C57-7213D85C8BBC}.Release|Any CPU.Build.0 = Release|Any CPU
		{ED1C681D-9A1E-6169-0FC3-70D0EB4A278F}.Debug|Any CPU.ActiveCfg = Debug|Any CPU
		{ED1C681D-9A1E-6169-0FC3-70D0EB4A278F}.Debug|Any CPU.Build.0 = Debug|Any CPU
		{ED1C681D-9A1E-6169-0FC3-70D0EB4A278F}.Release|Any CPU.ActiveCfg = Release|Any CPU
		{ED1C681D-9A1E-6169-0FC3-70D0EB4A278F}.Release|Any CPU.Build.0 = Release|Any CPU
		{4C236677-B7A5-BD9F-97CE-3AE0689B2A53}.Debug|Any CPU.ActiveCfg = Debug|Any CPU
		{4C236677-B7A5-BD9F-97CE-3AE0689B2A53}.Debug|Any CPU.Build.0 = Debug|Any CPU
		{4C236677-B7A5-BD9F-97CE-3AE0689B2A53}.Release|Any CPU.ActiveCfg = Release|Any CPU
		{4C236677-B7A5-BD9F-97CE-3AE0689B2A53}.Release|Any CPU.Build.0 = Release|Any CPU
		{81B3E9E8-141D-381B-4CE8-0E6FA8224823}.Debug|Any CPU.ActiveCfg = Debug|Any CPU
		{81B3E9E8-141D-381B-4CE8-0E6FA8224823}.Debug|Any CPU.Build.0 = Debug|Any CPU
		{81B3E9E8-141D-381B-4CE8-0E6FA8224823}.Release|Any CPU.ActiveCfg = Release|Any CPU
		{81B3E9E8-141D-381B-4CE8-0E6FA8224823}.Release|Any CPU.Build.0 = Release|Any CPU
		{FE7F40BB-2F2B-B194-5421-3989D48E86A6}.Debug|Any CPU.ActiveCfg = Debug|Any CPU
		{FE7F40BB-2F2B-B194-5421-3989D48E86A6}.Debug|Any CPU.Build.0 = Debug|Any CPU
		{FE7F40BB-2F2B-B194-5421-3989D48E86A6}.Release|Any CPU.ActiveCfg = Release|Any CPU
		{FE7F40BB-2F2B-B194-5421-3989D48E86A6}.Release|Any CPU.Build.0 = Release|Any CPU
		{7DDF96C4-4D1F-ADA2-9521-1670B9F62CA7}.Debug|Any CPU.ActiveCfg = Debug|Any CPU
		{7DDF96C4-4D1F-ADA2-9521-1670B9F62CA7}.Debug|Any CPU.Build.0 = Debug|Any CPU
		{7DDF96C4-4D1F-ADA2-9521-1670B9F62CA7}.Release|Any CPU.ActiveCfg = Release|Any CPU
		{7DDF96C4-4D1F-ADA2-9521-1670B9F62CA7}.Release|Any CPU.Build.0 = Release|Any CPU
		{C2F120D9-A495-0CC4-8865-D44A9BAC64BA}.Debug|Any CPU.ActiveCfg = Debug|Any CPU
		{C2F120D9-A495-0CC4-8865-D44A9BAC64BA}.Debug|Any CPU.Build.0 = Debug|Any CPU
		{C2F120D9-A495-0CC4-8865-D44A9BAC64BA}.Release|Any CPU.ActiveCfg = Release|Any CPU
		{C2F120D9-A495-0CC4-8865-D44A9BAC64BA}.Release|Any CPU.Build.0 = Release|Any CPU
		{3EB4D97C-39AB-98E7-3717-45FA2C188E47}.Debug|Any CPU.ActiveCfg = Debug|Any CPU
		{3EB4D97C-39AB-98E7-3717-45FA2C188E47}.Debug|Any CPU.Build.0 = Debug|Any CPU
		{3EB4D97C-39AB-98E7-3717-45FA2C188E47}.Release|Any CPU.ActiveCfg = Release|Any CPU
		{3EB4D97C-39AB-98E7-3717-45FA2C188E47}.Release|Any CPU.Build.0 = Release|Any CPU
		{CC06BE69-B2FD-BC00-DE69-6C917F9EB470}.Debug|Any CPU.ActiveCfg = Debug|Any CPU
		{CC06BE69-B2FD-BC00-DE69-6C917F9EB470}.Debug|Any CPU.Build.0 = Debug|Any CPU
		{CC06BE69-B2FD-BC00-DE69-6C917F9EB470}.Release|Any CPU.ActiveCfg = Release|Any CPU
		{CC06BE69-B2FD-BC00-DE69-6C917F9EB470}.Release|Any CPU.Build.0 = Release|Any CPU
		{6437213D-78CC-6304-C286-99E36BF1AB42}.Debug|Any CPU.ActiveCfg = Debug|Any CPU
		{6437213D-78CC-6304-C286-99E36BF1AB42}.Debug|Any CPU.Build.0 = Debug|Any CPU
		{6437213D-78CC-6304-C286-99E36BF1AB42}.Release|Any CPU.ActiveCfg = Release|Any CPU
		{6437213D-78CC-6304-C286-99E36BF1AB42}.Release|Any CPU.Build.0 = Release|Any CPU
		{09E1ACFC-D06D-50C3-7A5D-FB4D8DC74E4A}.Debug|Any CPU.ActiveCfg = Debug|Any CPU
		{09E1ACFC-D06D-50C3-7A5D-FB4D8DC74E4A}.Debug|Any CPU.Build.0 = Debug|Any CPU
		{09E1ACFC-D06D-50C3-7A5D-FB4D8DC74E4A}.Release|Any CPU.ActiveCfg = Release|Any CPU
		{09E1ACFC-D06D-50C3-7A5D-FB4D8DC74E4A}.Release|Any CPU.Build.0 = Release|Any CPU
		{425BC930-BE5B-EF83-7814-70993017BFBF}.Debug|Any CPU.ActiveCfg = Debug|Any CPU
		{425BC930-BE5B-EF83-7814-70993017BFBF}.Debug|Any CPU.Build.0 = Debug|Any CPU
		{425BC930-BE5B-EF83-7814-70993017BFBF}.Release|Any CPU.ActiveCfg = Release|Any CPU
		{425BC930-BE5B-EF83-7814-70993017BFBF}.Release|Any CPU.Build.0 = Release|Any CPU
		{61C710A1-978B-1DBE-E9E5-0D1FE81C0641}.Debug|Any CPU.ActiveCfg = Debug|Any CPU
		{61C710A1-978B-1DBE-E9E5-0D1FE81C0641}.Debug|Any CPU.Build.0 = Debug|Any CPU
		{61C710A1-978B-1DBE-E9E5-0D1FE81C0641}.Release|Any CPU.ActiveCfg = Release|Any CPU
		{61C710A1-978B-1DBE-E9E5-0D1FE81C0641}.Release|Any CPU.Build.0 = Release|Any CPU
		{8733A7EE-A7CD-58A7-22B4-C5272BBE2EB3}.Debug|Any CPU.ActiveCfg = Debug|Any CPU
		{8733A7EE-A7CD-58A7-22B4-C5272BBE2EB3}.Debug|Any CPU.Build.0 = Debug|Any CPU
		{8733A7EE-A7CD-58A7-22B4-C5272BBE2EB3}.Release|Any CPU.ActiveCfg = Release|Any CPU
		{8733A7EE-A7CD-58A7-22B4-C5272BBE2EB3}.Release|Any CPU.Build.0 = Release|Any CPU
		{E24C15A2-744F-E60F-CE42-6280D56E625D}.Debug|Any CPU.ActiveCfg = Debug|Any CPU
		{E24C15A2-744F-E60F-CE42-6280D56E625D}.Debug|Any CPU.Build.0 = Debug|Any CPU
		{E24C15A2-744F-E60F-CE42-6280D56E625D}.Release|Any CPU.ActiveCfg = Release|Any CPU
		{E24C15A2-744F-E60F-CE42-6280D56E625D}.Release|Any CPU.Build.0 = Release|Any CPU
		{DADD2DB3-6940-DAF9-8C7C-F1EEB54CC96E}.Debug|Any CPU.ActiveCfg = Debug|Any CPU
		{DADD2DB3-6940-DAF9-8C7C-F1EEB54CC96E}.Debug|Any CPU.Build.0 = Debug|Any CPU
		{DADD2DB3-6940-DAF9-8C7C-F1EEB54CC96E}.Release|Any CPU.ActiveCfg = Release|Any CPU
		{DADD2DB3-6940-DAF9-8C7C-F1EEB54CC96E}.Release|Any CPU.Build.0 = Release|Any CPU
		{3C7FB267-A7D5-6536-26D2-A29DE16166F9}.Debug|Any CPU.ActiveCfg = Debug|Any CPU
		{3C7FB267-A7D5-6536-26D2-A29DE16166F9}.Debug|Any CPU.Build.0 = Debug|Any CPU
		{3C7FB267-A7D5-6536-26D2-A29DE16166F9}.Release|Any CPU.ActiveCfg = Release|Any CPU
		{3C7FB267-A7D5-6536-26D2-A29DE16166F9}.Release|Any CPU.Build.0 = Release|Any CPU
		{D2B3445D-8E68-DBA1-FC8C-67E89FDEE268}.Debug|Any CPU.ActiveCfg = Debug|Any CPU
		{D2B3445D-8E68-DBA1-FC8C-67E89FDEE268}.Debug|Any CPU.Build.0 = Debug|Any CPU
		{D2B3445D-8E68-DBA1-FC8C-67E89FDEE268}.Release|Any CPU.ActiveCfg = Release|Any CPU
		{D2B3445D-8E68-DBA1-FC8C-67E89FDEE268}.Release|Any CPU.Build.0 = Release|Any CPU
		{B3CC5664-912B-13FE-D45E-21EFE6FD66F2}.Debug|Any CPU.ActiveCfg = Debug|Any CPU
		{B3CC5664-912B-13FE-D45E-21EFE6FD66F2}.Debug|Any CPU.Build.0 = Debug|Any CPU
		{B3CC5664-912B-13FE-D45E-21EFE6FD66F2}.Release|Any CPU.ActiveCfg = Release|Any CPU
		{B3CC5664-912B-13FE-D45E-21EFE6FD66F2}.Release|Any CPU.Build.0 = Release|Any CPU
		{D6769CBB-12EA-6A56-5BF6-54FFCBEA2478}.Debug|Any CPU.ActiveCfg = Debug|Any CPU
		{D6769CBB-12EA-6A56-5BF6-54FFCBEA2478}.Debug|Any CPU.Build.0 = Debug|Any CPU
		{D6769CBB-12EA-6A56-5BF6-54FFCBEA2478}.Release|Any CPU.ActiveCfg = Release|Any CPU
		{D6769CBB-12EA-6A56-5BF6-54FFCBEA2478}.Release|Any CPU.Build.0 = Release|Any CPU
		{B982D07E-D7C9-4E11-FF66-90C2E4D3B43F}.Debug|Any CPU.ActiveCfg = Debug|Any CPU
		{B982D07E-D7C9-4E11-FF66-90C2E4D3B43F}.Debug|Any CPU.Build.0 = Debug|Any CPU
		{B982D07E-D7C9-4E11-FF66-90C2E4D3B43F}.Release|Any CPU.ActiveCfg = Release|Any CPU
		{B982D07E-D7C9-4E11-FF66-90C2E4D3B43F}.Release|Any CPU.Build.0 = Release|Any CPU
		{C5035C52-6E06-1EC5-BDFE-F95D249E80A7}.Debug|Any CPU.ActiveCfg = Debug|Any CPU
		{C5035C52-6E06-1EC5-BDFE-F95D249E80A7}.Debug|Any CPU.Build.0 = Debug|Any CPU
		{C5035C52-6E06-1EC5-BDFE-F95D249E80A7}.Release|Any CPU.ActiveCfg = Release|Any CPU
		{C5035C52-6E06-1EC5-BDFE-F95D249E80A7}.Release|Any CPU.Build.0 = Release|Any CPU
		{F97D6113-37A6-F1BB-F9F5-3B15435B10C2}.Debug|Any CPU.ActiveCfg = Debug|Any CPU
		{F97D6113-37A6-F1BB-F9F5-3B15435B10C2}.Debug|Any CPU.Build.0 = Debug|Any CPU
		{F97D6113-37A6-F1BB-F9F5-3B15435B10C2}.Release|Any CPU.ActiveCfg = Release|Any CPU
		{F97D6113-37A6-F1BB-F9F5-3B15435B10C2}.Release|Any CPU.Build.0 = Release|Any CPU
		{C9A327C6-49FD-00A7-71E0-837C3478AFEA}.Debug|Any CPU.ActiveCfg = Debug|Any CPU
		{C9A327C6-49FD-00A7-71E0-837C3478AFEA}.Debug|Any CPU.Build.0 = Debug|Any CPU
		{C9A327C6-49FD-00A7-71E0-837C3478AFEA}.Release|Any CPU.ActiveCfg = Release|Any CPU
		{C9A327C6-49FD-00A7-71E0-837C3478AFEA}.Release|Any CPU.Build.0 = Release|Any CPU
		{A1FA44D2-BF00-35AB-1FBD-06AA7C858546}.Debug|Any CPU.ActiveCfg = Debug|Any CPU
		{A1FA44D2-BF00-35AB-1FBD-06AA7C858546}.Debug|Any CPU.Build.0 = Debug|Any CPU
		{A1FA44D2-BF00-35AB-1FBD-06AA7C858546}.Release|Any CPU.ActiveCfg = Release|Any CPU
		{A1FA44D2-BF00-35AB-1FBD-06AA7C858546}.Release|Any CPU.Build.0 = Release|Any CPU
		{B04D1601-F1EC-0272-A3DC-38E11C636864}.Debug|Any CPU.ActiveCfg = Debug|Any CPU
		{B04D1601-F1EC-0272-A3DC-38E11C636864}.Debug|Any CPU.Build.0 = Debug|Any CPU
		{B04D1601-F1EC-0272-A3DC-38E11C636864}.Release|Any CPU.ActiveCfg = Release|Any CPU
		{B04D1601-F1EC-0272-A3DC-38E11C636864}.Release|Any CPU.Build.0 = Release|Any CPU
		{7A6EEEB9-9024-FA1E-9092-98049E7FBA7D}.Debug|Any CPU.ActiveCfg = Debug|Any CPU
		{7A6EEEB9-9024-FA1E-9092-98049E7FBA7D}.Debug|Any CPU.Build.0 = Debug|Any CPU
		{7A6EEEB9-9024-FA1E-9092-98049E7FBA7D}.Release|Any CPU.ActiveCfg = Release|Any CPU
		{7A6EEEB9-9024-FA1E-9092-98049E7FBA7D}.Release|Any CPU.Build.0 = Release|Any CPU
		{90836EF7-9C34-2DDB-3BDE-01C2E2298B88}.Debug|Any CPU.ActiveCfg = Debug|Any CPU
		{90836EF7-9C34-2DDB-3BDE-01C2E2298B88}.Debug|Any CPU.Build.0 = Debug|Any CPU
		{90836EF7-9C34-2DDB-3BDE-01C2E2298B88}.Release|Any CPU.ActiveCfg = Release|Any CPU
		{90836EF7-9C34-2DDB-3BDE-01C2E2298B88}.Release|Any CPU.Build.0 = Release|Any CPU
		{5C24DB78-5A70-7909-03A9-8CF95A52E2A5}.Debug|Any CPU.ActiveCfg = Debug|Any CPU
		{5C24DB78-5A70-7909-03A9-8CF95A52E2A5}.Debug|Any CPU.Build.0 = Debug|Any CPU
		{5C24DB78-5A70-7909-03A9-8CF95A52E2A5}.Release|Any CPU.ActiveCfg = Release|Any CPU
		{5C24DB78-5A70-7909-03A9-8CF95A52E2A5}.Release|Any CPU.Build.0 = Release|Any CPU
	EndGlobalSection
	GlobalSection(SolutionProperties) = preSolution
		HideSolutionNode = FALSE
	EndGlobalSection
EndGlobal
